{
    "hash": "ebc478fac1e7b29eb31559cd1948856b",
    "packages": [
        {
            "name": "bluelyte/imdb-client",
            "version": "dev-master",
            "source": {
                "type": "git",
                "url": "https://github.com/bluelyte/imdb-client.git",
                "reference": "6adb29372a16898e179dcb8a661d292e6bdd876d"
            },
            "dist": {
                "type": "zip",
                "url": "https://api.github.com/repos/bluelyte/imdb-client/zipball/6adb29372a16898e179dcb8a661d292e6bdd876d",
                "reference": "6adb29372a16898e179dcb8a661d292e6bdd876d",
                "shasum": ""
            },
            "require": {
                "fabpot/goutte": "1.0.*@dev",
                "php": ">=5.3.3"
            },
            "type": "library",
            "autoload": {
                "classmap": [
                    "src/Client.php"
                ]
            },
            "notification-url": "http://packagist.org/downloads/",
            "license": [
                "BSD-2-Clause"
            ],
            "description": "A scraper for IMDB based on Symfony components.",
            "keywords": [
                "imdb",
                "movies",
                "tv"
            ],
            "time": "2013-03-30 22:40:40"
        },
        {
            "name": "bluelyte/tpb-client",
            "version": "dev-master",
            "source": {
                "type": "git",
                "url": "https://github.com/bluelyte/tpb-client.git",
                "reference": "5a5cc9db4fc0946435cd256882e78b05e3898564"
            },
            "dist": {
                "type": "zip",
                "url": "https://api.github.com/repos/bluelyte/tpb-client/zipball/5a5cc9db4fc0946435cd256882e78b05e3898564",
                "reference": "5a5cc9db4fc0946435cd256882e78b05e3898564",
                "shasum": ""
            },
            "require": {
                "fabpot/goutte": "1.0.*@dev",
                "php": ">=5.3.3"
            },
            "type": "library",
            "autoload": {
                "classmap": [
                    "src/Client.php"
                ]
            },
            "notification-url": "http://packagist.org/downloads/",
            "license": [
                "BSD-2-Clause"
            ],
            "description": "A scraper for The Pirate Bay based on Symfony components.",
            "keywords": [
                "pirate bay",
                "torrent",
                "torrents",
                "tpb"
            ],
            "time": "2013-03-31 15:15:38"
        },
        {
            "name": "bluelyte/transmission-remote",
            "version": "dev-master",
            "source": {
                "type": "git",
                "url": "https://github.com/bluelyte/transmission-remote.git",
                "reference": "e0e69d15552603bf6b2be3d93bfcdff969c76b8c"
            },
            "dist": {
                "type": "zip",
                "url": "https://api.github.com/repos/bluelyte/transmission-remote/zipball/e0e69d15552603bf6b2be3d93bfcdff969c76b8c",
                "reference": "e0e69d15552603bf6b2be3d93bfcdff969c76b8c",
                "shasum": ""
            },
            "require": {
                "php": ">=5.3.3"
            },
            "type": "library",
            "autoload": {
                "classmap": [
                    "src/Remote.php"
                ]
            },
            "notification-url": "http://packagist.org/downloads/",
            "license": [
                "BSD-2-Clause"
            ],
            "description": "A wrapper for the transmission-remote CLI utility.",
            "keywords": [
                "bittorrent",
                "cli",
                "torrent",
                "torrents",
                "transmission"
            ],
            "time": "2013-03-31 10:31:49"
        },
        {
            "name": "fabpot/goutte",
            "version": "dev-master",
            "source": {
                "type": "git",
                "url": "https://github.com/fabpot/Goutte.git",
                "reference": "3ebd52cee0c997d4e4c5e2fb5f10ee9de0e3fc46"
            },
            "dist": {
                "type": "zip",
                "url": "https://api.github.com/repos/fabpot/Goutte/zipball/3ebd52cee0c997d4e4c5e2fb5f10ee9de0e3fc46",
                "reference": "3ebd52cee0c997d4e4c5e2fb5f10ee9de0e3fc46",
                "shasum": ""
            },
            "require": {
                "ext-curl": "*",
                "guzzle/guzzle": ">=3.0, <3.4",
                "php": ">=5.3.0",
                "symfony/browser-kit": ">=2.1,<3.0",
                "symfony/css-selector": ">=2.1,<3.0",
                "symfony/dom-crawler": ">=2.1,<3.0",
                "symfony/finder": ">=2.1,<3.0",
                "symfony/process": ">=2.1,<3.0"
            },
            "type": "application",
            "extra": {
                "branch-alias": {
                    "dev-master": "1.0-dev"
                }
            },
            "autoload": {
                "psr-0": {
                    "Goutte": "."
                }
            },
            "notification-url": "http://packagist.org/downloads/",
            "license": [
                "MIT"
            ],
            "authors": [
                {
                    "name": "Fabien Potencier",
                    "email": "fabien@symfony.com"
                }
            ],
            "description": "A simple PHP Web Scraper",
            "homepage": "https://github.com/fabpot/Goutte",
            "keywords": [
                "scraper"
            ],
            "time": "2013-03-15 10:18:26"
        },
        {
            "name": "guzzle/guzzle",
            "version": "dev-master",
            "source": {
                "type": "git",
                "url": "https://github.com/guzzle/guzzle.git",
                "reference": "ab8d35fbdf87d9d6a168e69ab3e880247d08f408"
            },
            "dist": {
                "type": "zip",
                "url": "https://api.github.com/repos/guzzle/guzzle/zipball/ab8d35fbdf87d9d6a168e69ab3e880247d08f408",
                "reference": "ab8d35fbdf87d9d6a168e69ab3e880247d08f408",
                "shasum": ""
            },
            "require": {
                "ext-curl": "*",
                "php": ">=5.3.2",
                "symfony/event-dispatcher": ">=2.1"
            },
            "replace": {
                "guzzle/batch": "self.version",
                "guzzle/cache": "self.version",
                "guzzle/common": "self.version",
                "guzzle/http": "self.version",
                "guzzle/inflection": "self.version",
                "guzzle/iterator": "self.version",
                "guzzle/log": "self.version",
                "guzzle/parser": "self.version",
                "guzzle/plugin": "self.version",
                "guzzle/plugin-async": "self.version",
                "guzzle/plugin-backoff": "self.version",
                "guzzle/plugin-cache": "self.version",
                "guzzle/plugin-cookie": "self.version",
                "guzzle/plugin-curlauth": "self.version",
                "guzzle/plugin-error-response": "self.version",
                "guzzle/plugin-history": "self.version",
                "guzzle/plugin-log": "self.version",
                "guzzle/plugin-md5": "self.version",
                "guzzle/plugin-mock": "self.version",
                "guzzle/plugin-oauth": "self.version",
                "guzzle/service": "self.version",
                "guzzle/stream": "self.version"
            },
            "require-dev": {
                "doctrine/cache": "*",
                "monolog/monolog": "1.*",
                "phpunit/phpunit": "3.7.*",
                "psr/log": "1.0.*",
                "symfony/class-loader": "*",
                "zend/zend-cache1": "1.12",
                "zend/zend-log1": "1.12",
                "zendframework/zend-cache": "2.0.*",
                "zendframework/zend-log": "2.0.*"
            },
            "type": "library",
            "extra": {
                "branch-alias": {
                    "dev-master": "3.3-dev"
                }
            },
            "autoload": {
                "psr-0": {
                    "Guzzle\\Tests": "tests/",
                    "Guzzle": "src/"
                }
            },
            "notification-url": "http://packagist.org/downloads/",
            "license": [
                "MIT"
            ],
            "authors": [
                {
                    "name": "Michael Dowling",
                    "email": "mtdowling@gmail.com",
                    "homepage": "https://github.com/mtdowling"
                },
                {
                    "name": "Guzzle Community",
                    "homepage": "https://github.com/guzzle/guzzle/contributors"
                }
            ],
            "description": "Guzzle is a PHP HTTP client library and framework for building RESTful web service clients",
            "homepage": "http://guzzlephp.org/",
            "keywords": [
                "client",
                "curl",
                "framework",
                "http",
                "http client",
                "rest",
                "web service"
            ],
            "time": "2013-03-31 02:18:40"
        },
        {
            "name": "monolog/monolog",
            "version": "1.4.0",
            "source": {
                "type": "git",
                "url": "https://github.com/Seldaek/monolog",
                "reference": "1.4.0"
            },
            "dist": {
                "type": "zip",
                "url": "https://api.github.com/repos/Seldaek/monolog/zipball/1.4.0",
                "reference": "1.4.0",
                "shasum": ""
            },
            "require": {
                "php": ">=5.3.0",
                "psr/log": ">=1.0,<2.0"
            },
            "require-dev": {
                "doctrine/couchdb": "dev-master",
                "mlehner/gelf-php": "1.0.*",
                "raven/raven": "0.3.*"
            },
            "suggest": {
                "doctrine/couchdb": "Allow sending log messages to a CouchDB server",
                "ext-amqp": "Allow sending log messages to an AMQP server (1.0+ required)",
                "ext-mongo": "Allow sending log messages to a MongoDB server",
                "mlehner/gelf-php": "Allow sending log messages to a GrayLog2 server",
                "raven/raven": "Allow sending log messages to a Sentry server"
            },
            "type": "library",
            "extra": {
                "branch-alias": {
                    "dev-master": "1.4.x-dev"
                }
            },
            "autoload": {
                "psr-0": {
                    "Monolog": "src/"
                }
            },
            "notification-url": "http://packagist.org/downloads/",
            "license": [
                "MIT"
            ],
            "authors": [
                {
                    "name": "Jordi Boggiano",
                    "email": "j.boggiano@seld.be",
                    "homepage": "http://seld.be",
                    "role": "Developer"
                }
            ],
            "description": "Sends your logs to files, sockets, inboxes, databases and various web services",
            "homepage": "http://github.com/Seldaek/monolog",
            "keywords": [
                "log",
                "logging",
                "psr-3"
            ],
            "time": "2013-02-13 18:06:51"
        },
        {
            "name": "psr/log",
            "version": "1.0.0",
            "source": {
                "type": "git",
                "url": "https://github.com/php-fig/log",
                "reference": "1.0.0"
            },
            "dist": {
                "type": "zip",
                "url": "https://github.com/php-fig/log/archive/1.0.0.zip",
                "reference": "1.0.0",
                "shasum": ""
            },
            "type": "library",
            "autoload": {
                "psr-0": {
                    "Psr\\Log\\": ""
                }
            },
            "notification-url": "http://packagist.org/downloads/",
            "license": [
                "MIT"
            ],
            "authors": [
                {
                    "name": "PHP-FIG",
                    "homepage": "http://www.php-fig.org/"
                }
            ],
            "description": "Common interface for logging libraries",
            "keywords": [
                "log",
                "psr",
                "psr-3"
            ],
            "time": "2012-12-21 11:40:51"
        },
        {
            "name": "symfony/browser-kit",
            "version": "dev-master",
            "target-dir": "Symfony/Component/BrowserKit",
            "source": {
                "type": "git",
                "url": "https://github.com/symfony/BrowserKit.git",
                "reference": "b0aa5249d957930f93c0c2a3f1f10db0721cb6e9"
            },
            "dist": {
                "type": "zip",
                "url": "https://api.github.com/repos/symfony/BrowserKit/zipball/b0aa5249d957930f93c0c2a3f1f10db0721cb6e9",
                "reference": "b0aa5249d957930f93c0c2a3f1f10db0721cb6e9",
                "shasum": ""
            },
            "require": {
                "php": ">=5.3.3",
                "symfony/dom-crawler": ">=2.0,<3.0"
            },
            "require-dev": {
                "symfony/css-selector": ">=2.0,<3.0",
                "symfony/process": ">=2.0,<3.0"
            },
            "suggest": {
                "symfony/process": "2.2.*"
            },
            "type": "library",
            "extra": {
                "branch-alias": {
                    "dev-master": "2.3-dev"
                }
            },
            "autoload": {
                "psr-0": {
                    "Symfony\\Component\\BrowserKit\\": ""
                }
            },
            "notification-url": "http://packagist.org/downloads/",
            "license": [
                "MIT"
            ],
            "authors": [
                {
                    "name": "Fabien Potencier",
                    "email": "fabien@symfony.com"
                },
                {
                    "name": "Symfony Community",
                    "homepage": "http://symfony.com/contributors"
                }
            ],
            "description": "Symfony BrowserKit Component",
            "homepage": "http://symfony.com",
            "time": "2013-03-20 14:03:03"
        },
        {
            "name": "symfony/css-selector",
            "version": "dev-master",
            "target-dir": "Symfony/Component/CssSelector",
            "source": {
                "type": "git",
                "url": "https://github.com/symfony/CssSelector.git",
                "reference": "6ba87b45946163ad13b525932a9050e8570ec7de"
            },
            "dist": {
                "type": "zip",
                "url": "https://api.github.com/repos/symfony/CssSelector/zipball/6ba87b45946163ad13b525932a9050e8570ec7de",
                "reference": "6ba87b45946163ad13b525932a9050e8570ec7de",
                "shasum": ""
            },
            "require": {
                "php": ">=5.3.3"
            },
            "type": "library",
            "extra": {
                "branch-alias": {
                    "dev-master": "2.3-dev"
                }
            },
            "autoload": {
                "psr-0": {
                    "Symfony\\Component\\CssSelector\\": ""
                }
            },
            "notification-url": "http://packagist.org/downloads/",
            "license": [
                "MIT"
            ],
            "authors": [
                {
                    "name": "Fabien Potencier",
                    "email": "fabien@symfony.com"
                },
                {
                    "name": "Symfony Community",
                    "homepage": "http://symfony.com/contributors"
                }
            ],
            "description": "Symfony CssSelector Component",
            "homepage": "http://symfony.com",
            "time": "2013-01-31 21:39:01"
        },
        {
            "name": "symfony/dom-crawler",
            "version": "dev-master",
            "target-dir": "Symfony/Component/DomCrawler",
            "source": {
                "type": "git",
                "url": "https://github.com/symfony/DomCrawler.git",
                "reference": "c9698b3b5b93d18250f627a9001c88fe5bc87908"
            },
            "dist": {
                "type": "zip",
                "url": "https://api.github.com/repos/symfony/DomCrawler/zipball/c9698b3b5b93d18250f627a9001c88fe5bc87908",
                "reference": "c9698b3b5b93d18250f627a9001c88fe5bc87908",
                "shasum": ""
            },
            "require": {
                "php": ">=5.3.3"
            },
            "require-dev": {
                "symfony/css-selector": ">=2.0,<3.0"
            },
            "suggest": {
                "symfony/css-selector": "2.2.*"
            },
            "type": "library",
            "extra": {
                "branch-alias": {
                    "dev-master": "2.3-dev"
                }
            },
            "autoload": {
                "psr-0": {
                    "Symfony\\Component\\DomCrawler\\": ""
                }
            },
            "notification-url": "http://packagist.org/downloads/",
            "license": [
                "MIT"
            ],
            "authors": [
                {
                    "name": "Fabien Potencier",
                    "email": "fabien@symfony.com"
                },
                {
                    "name": "Symfony Community",
                    "homepage": "http://symfony.com/contributors"
                }
            ],
            "description": "Symfony DomCrawler Component",
            "homepage": "http://symfony.com",
            "time": "2013-03-23 07:35:36"
        },
        {
            "name": "symfony/event-dispatcher",
            "version": "dev-master",
            "target-dir": "Symfony/Component/EventDispatcher",
            "source": {
                "type": "git",
                "url": "https://github.com/symfony/EventDispatcher.git",
                "reference": "2e1fce7bb3ea06d9e42756f1dd3edf966420c755"
            },
            "dist": {
                "type": "zip",
                "url": "https://api.github.com/repos/symfony/EventDispatcher/zipball/2e1fce7bb3ea06d9e42756f1dd3edf966420c755",
                "reference": "2e1fce7bb3ea06d9e42756f1dd3edf966420c755",
                "shasum": ""
            },
            "require": {
                "php": ">=5.3.3"
            },
            "require-dev": {
                "symfony/dependency-injection": ">=2.0,<3.0"
            },
            "suggest": {
                "symfony/dependency-injection": "2.2.*",
                "symfony/http-kernel": "2.2.*"
            },
            "type": "library",
            "extra": {
                "branch-alias": {
                    "dev-master": "2.3-dev"
                }
            },
            "autoload": {
                "psr-0": {
                    "Symfony\\Component\\EventDispatcher\\": ""
                }
            },
            "notification-url": "http://packagist.org/downloads/",
            "license": [
                "MIT"
            ],
            "authors": [
                {
                    "name": "Fabien Potencier",
                    "email": "fabien@symfony.com"
                },
                {
                    "name": "Symfony Community",
                    "homepage": "http://symfony.com/contributors"
                }
            ],
            "description": "Symfony EventDispatcher Component",
            "homepage": "http://symfony.com",
            "time": "2013-02-11 11:27:01"
        },
        {
            "name": "symfony/finder",
            "version": "dev-master",
            "target-dir": "Symfony/Component/Finder",
            "source": {
                "type": "git",
                "url": "https://github.com/symfony/Finder.git",
                "reference": "a066c83f57c82ce49b5abc6343a43c132f771c24"
            },
            "dist": {
                "type": "zip",
                "url": "https://api.github.com/repos/symfony/Finder/zipball/a066c83f57c82ce49b5abc6343a43c132f771c24",
                "reference": "a066c83f57c82ce49b5abc6343a43c132f771c24",
                "shasum": ""
            },
            "require": {
                "php": ">=5.3.3"
            },
            "type": "library",
            "extra": {
                "branch-alias": {
                    "dev-master": "2.3-dev"
                }
            },
            "autoload": {
                "psr-0": {
                    "Symfony\\Component\\Finder\\": ""
                }
            },
            "notification-url": "http://packagist.org/downloads/",
            "license": [
                "MIT"
            ],
            "authors": [
                {
                    "name": "Fabien Potencier",
                    "email": "fabien@symfony.com"
                },
                {
                    "name": "Symfony Community",
                    "homepage": "http://symfony.com/contributors"
                }
            ],
            "description": "Symfony Finder Component",
            "homepage": "http://symfony.com",
            "time": "2013-03-23 07:42:25"
        },
        {
            "name": "symfony/process",
            "version": "dev-master",
            "target-dir": "Symfony/Component/Process",
            "source": {
                "type": "git",
                "url": "https://github.com/symfony/Process.git",
                "reference": "46b24c5905096914d467b769027e36433c7b5421"
            },
            "dist": {
                "type": "zip",
                "url": "https://api.github.com/repos/symfony/Process/zipball/46b24c5905096914d467b769027e36433c7b5421",
                "reference": "46b24c5905096914d467b769027e36433c7b5421",
                "shasum": ""
            },
            "require": {
                "php": ">=5.3.3"
            },
            "type": "library",
            "extra": {
                "branch-alias": {
                    "dev-master": "2.3-dev"
                }
            },
            "autoload": {
                "psr-0": {
                    "Symfony\\Component\\Process\\": ""
                }
            },
            "notification-url": "http://packagist.org/downloads/",
            "license": [
                "MIT"
            ],
            "authors": [
                {
                    "name": "Fabien Potencier",
                    "email": "fabien@symfony.com"
                },
                {
                    "name": "Symfony Community",
                    "homepage": "http://symfony.com/contributors"
                }
            ],
            "description": "Symfony Process Component",
            "homepage": "http://symfony.com",
            "time": "2013-03-23 08:06:49"
        }
    ],
    "packages-dev": [

    ],
    "aliases": [

    ],
    "minimum-stability": "dev",
    "stability-flags": {
        "bluelyte/tpb-client": 20,
        "bluelyte/imdb-client": 20,
        "bluelyte/transmission-remote": 20
    },
    "platform": {
        "php": ">=5.3.3"
    },
    "platform-dev": [

    ]
}
